
Microsoft Visual Studio Solution File, Format Version 12.00
Project("{FAE04EC0-301F-11D3-BF4B-00C04F79EFBC}") = "Send", "Send\Send.csproj", "{630302DD-9CF4-410E-A2C2-71D0AB733CD4}"
EndProject
Project("{FAE04EC0-301F-11D3-BF4B-00C04F79EFBC}") = "Receive", "Receive\Receive.csproj", "{3DA4DBDD-20DE-4439-BF45-E38F64D0CEB7}"
EndProject
Project("{FAE04EC0-301F-11D3-BF4B-00C04F79EFBC}") = "NewTask", "NewTask\NewTask.csproj", "{A8962F7A-82D2-461F-8C0E-4E61D946B54D}"
EndProject
Project("{FAE04EC0-301F-11D3-BF4B-00C04F79EFBC}") = "Worker", "Worker\Worker.csproj", "{6032ADDA-810A-493B-A704-471442EF5E5E}"
EndProject
Project("{2150E333-8FDC-42A3-9474-1A3956D46DE8}") = "WorkQueue", "WorkQueue", "{2DE2960E-9227-4953-A548-1A9CAAAA14E2}"
EndProject
Project("{2150E333-8FDC-42A3-9474-1A3956D46DE8}") = "HelloWorld", "HelloWorld", "{B802DCF2-EBDC-4692-A9ED-A1BE16BABA97}"
EndProject
Global
	GlobalSection(SolutionConfigurationPlatforms) = preSolution
		Debug|Any CPU = Debug|Any CPU
		Release|Any CPU = Release|Any CPU
	EndGlobalSection
	GlobalSection(ProjectConfigurationPlatforms) = postSolution
		{630302DD-9CF4-410E-A2C2-71D0AB733CD4}.Debug|Any CPU.ActiveCfg = Debug|Any CPU
		{630302DD-9CF4-410E-A2C2-71D0AB733CD4}.Debug|Any CPU.Build.0 = Debug|Any CPU
		{630302DD-9CF4-410E-A2C2-71D0AB733CD4}.Release|Any CPU.ActiveCfg = Release|Any CPU
		{630302DD-9CF4-410E-A2C2-71D0AB733CD4}.Release|Any CPU.Build.0 = Release|Any CPU
		{3DA4DBDD-20DE-4439-BF45-E38F64D0CEB7}.Debug|Any CPU.ActiveCfg = Debug|Any CPU
		{3DA4DBDD-20DE-4439-BF45-E38F64D0CEB7}.Debug|Any CPU.Build.0 = Debug|Any CPU
		{3DA4DBDD-20DE-4439-BF45-E38F64D0CEB7}.Release|Any CPU.ActiveCfg = Release|Any CPU
		{3DA4DBDD-20DE-4439-BF45-E38F64D0CEB7}.Release|Any CPU.Build.0 = Release|Any CPU
		{A8962F7A-82D2-461F-8C0E-4E61D946B54D}.Debug|Any CPU.ActiveCfg = Debug|Any CPU
		{A8962F7A-82D2-461F-8C0E-4E61D946B54D}.Debug|Any CPU.Build.0 = Debug|Any CPU
		{A8962F7A-82D2-461F-8C0E-4E61D946B54D}.Release|Any CPU.ActiveCfg = Release|Any CPU
		{A8962F7A-82D2-461F-8C0E-4E61D946B54D}.Release|Any CPU.Build.0 = Release|Any CPU
		{6032ADDA-810A-493B-A704-471442EF5E5E}.Debug|Any CPU.ActiveCfg = Debug|Any CPU
		{6032ADDA-810A-493B-A704-471442EF5E5E}.Debug|Any CPU.Build.0 = Debug|Any CPU
		{6032ADDA-810A-493B-A704-471442EF5E5E}.Release|Any CPU.ActiveCfg = Release|Any CPU
		{6032ADDA-810A-493B-A704-471442EF5E5E}.Release|Any CPU.Build.0 = Release|Any CPU
	EndGlobalSection
	GlobalSection(NestedProjects) = preSolution
		{A8962F7A-82D2-461F-8C0E-4E61D946B54D} = {2DE2960E-9227-4953-A548-1A9CAAAA14E2}
		{6032ADDA-810A-493B-A704-471442EF5E5E} = {2DE2960E-9227-4953-A548-1A9CAAAA14E2}
		{3DA4DBDD-20DE-4439-BF45-E38F64D0CEB7} = {B802DCF2-EBDC-4692-A9ED-A1BE16BABA97}
		{630302DD-9CF4-410E-A2C2-71D0AB733CD4} = {B802DCF2-EBDC-4692-A9ED-A1BE16BABA97}
	EndGlobalSection
EndGlobal
